lockfileVersion: '9.0'

settings:
  autoInstallPeers: true
  excludeLinksFromLockfile: false

importers:

  .:
    devDependencies:
      autoprefixer:
        specifier: ^10.4.21
        version: 10.4.21(postcss@8.5.6)
      postcss:
        specifier: ^8.5.6
        version: 8.5.6
      shadcn-ui:
        specifier: ^0.9.5
        version: 0.9.5
      tailwindcss:
        specifier: ^4.1.16
        version: 4.1.16
      turbo:
        specifier: latest
        version: 2.6.0
      typescript:
        specifier: ^5.4.5
        version: 5.8.3

packages:

  autoprefixer@10.4.21:
    resolution: {integrity: sha512-O+A6LWV5LDHSJD3LjHYoNi4VLsj/Whi7k6zG12xTYaU4cQ8oxQGckXNX8cRHK5yOZ/ppVHe0ZBXGzSV9jXdVbQ==}
    engines: {node: ^10 || ^12 || >=14}
    hasBin: true
    peerDependencies:
      postcss: ^8.1.0

  baseline-browser-mapping@2.8.25:
    resolution: {integrity: sha512-2NovHVesVF5TXefsGX1yzx1xgr7+m9JQenvz6FQY3qd+YXkKkYiv+vTCc7OriP9mcDZpTC5mAOYN4ocd29+erA==}
    hasBin: true

  browserslist@4.27.0:
    resolution: {integrity: sha512-AXVQwdhot1eqLihwasPElhX2tAZiBjWdJ9i/Zcj2S6QYIjkx62OKSfnobkriB81C3l4w0rVy3Nt4jaTBltYEpw==}
    engines: {node: ^6 || ^7 || ^8 || ^9 || ^10 || ^11 || ^12 || >=13.7}
    hasBin: true

  caniuse-lite@1.0.30001753:
    resolution: {integrity: sha512-Bj5H35MD/ebaOV4iDLqPEtiliTN29qkGtEHCwawWn4cYm+bPJM2NsaP30vtZcnERClMzp52J4+aw2UNbK4o+zw==}

  chalk@5.6.2:
    resolution: {integrity: sha512-7NzBL0rN6fMUW+f7A6Io4h40qQlG+xGmtMxfbnH/K7TAtt8JQWVQK+6g0UXKMeVJoyV5EkkNsErQ8pVD3bLHbA==}
    engines: {node: ^12.17.0 || ^14.13 || >=16.0.0}

  electron-to-chromium@1.5.245:
    resolution: {integrity: sha512-rdmGfW47ZhL/oWEJAY4qxRtdly2B98ooTJ0pdEI4jhVLZ6tNf8fPtov2wS1IRKwFJT92le3x4Knxiwzl7cPPpQ==}

  escalade@3.2.0:
    resolution: {integrity: sha512-WUj2qlxaQtO4g6Pq5c29GTcWGDyd8itL8zTlipgECz3JesAiiOKotd8JU6otB3PACgG6xkJUyVhboMS+bje/jA==}
    engines: {node: '>=6'}

  fraction.js@4.3.7:
    resolution: {integrity: sha512-ZsDfxO51wGAXREY55a7la9LScWpwv9RxIrYABrlvOFBlH/ShPnrtsXeuUIfXKKOVicNxQ+o8JTbJvjS4M89yew==}

  nanoid@3.3.11:
    resolution: {integrity: sha512-N8SpfPUnUp1bK+PMYW8qSWdl9U+wwNWI4QKxOYDy9JAro3WMX7p2OeVRF9v+347pnakNevPmiHhNmZ2HbFA76w==}
    engines: {node: ^10 || ^12 || ^13.7 || ^14 || >=15.0.1}
    hasBin: true

  node-releases@2.0.27:
    resolution: {integrity: sha512-nmh3lCkYZ3grZvqcCH+fjmQ7X+H0OeZgP40OierEaAptX4XofMh5kwNbWh7lBduUzCcV/8kZ+NDLCwm2iorIlA==}

  normalize-range@0.1.2:
    resolution: {integrity: sha512-bdok/XvKII3nUpklnV6P2hxtMNrCboOjAcyBuQnWEhO665FwrSNRxU+AqpsyvO6LgGYPspN+lu5CLtw4jPRKNA==}
    engines: {node: '>=0.10.0'}

  picocolors@1.1.1:
    resolution: {integrity: sha512-xceH2snhtb5M9liqDsmEw56le376mTZkEX/jEb/RxNFyegNul7eNslCXP9FDj/Lcu0X8KEyMceP2ntpaHrDEVA==}

  postcss-value-parser@4.2.0:
    resolution: {integrity: sha512-1NNCs6uurfkVbeXG4S8JFT9t19m45ICnif8zWLd5oPSZ50QnwMfK+H3jv408d4jw/7Bttv5axS5IiHoLaVNHeQ==}

  postcss@8.5.6:
    resolution: {integrity: sha512-3Ybi1tAuwAP9s0r1UQ2J4n5Y0G05bJkpUIO0/bI9MhwmD70S5aTWbXGBwxHrelT+XM1k6dM0pk+SwNkpTRN7Pg==}
    engines: {node: ^10 || ^12 || >=14}

  shadcn-ui@0.9.5:
    resolution: {integrity: sha512-dsBQWpdLLYCdSdmvOmu53nJhhWnQD1OiblhuhkI4rPYxPKTyfbmZ2NTJHWMu1fXN9PTfN6IVK5vvh+BrjHJx2g==}
    hasBin: true

  source-map-js@1.2.1:
    resolution: {integrity: sha512-UXWMKhLOwVKb728IUtQPXxfYU+usdybtUrK/8uGE8CQMvrhOpwvzDBwj0QhSL7MQc7vIsISBG8VQ8+IDQxpfQA==}
    engines: {node: '>=0.10.0'}

  tailwindcss@4.1.16:
    resolution: {integrity: sha512-pONL5awpaQX4LN5eiv7moSiSPd/DLDzKVRJz8Q9PgzmAdd1R4307GQS2ZpfiN7ZmekdQrfhZZiSE5jkLR4WNaA==}

  turbo-darwin-64@2.6.0:
    resolution: {integrity: sha512-6vHnLAubHj8Ib45Knu+oY0ZVCLO7WcibzAvt5b1E72YHqAs4y8meMAGMZM0jLqWPh/9maHDc16/qBCMxtW4pXg==}
    cpu: [x64]
    os: [darwin]

  turbo-darwin-arm64@2.6.0:
    resolution: {integrity: sha512-IU+gWMEXNBw8H0pxvE7nPEa5p6yahxbN8g/Q4Bf0AHymsAFqsScgV0peeNbWybdmY9jk1LPbALOsF2kY1I7ZiQ==}
    cpu: [arm64]
    os: [darwin]

  turbo-linux-64@2.6.0:
    resolution: {integrity: sha512-CKoiJ2ZFJLCDsWdRlZg+ew1BkGn8iCEGdePhISVpjsGwkJwSVhVu49z2zKdBeL1IhcSKS2YALwp9ellNZANJxw==}
    cpu: [x64]
    os: [linux]

  turbo-linux-arm64@2.6.0:
    resolution: {integrity: sha512-WroVCdCvJbrhNxNdw7XB7wHAfPPJPV+IXY+ZKNed+9VdfBu/2mQNfKnvqTuFTH7n+Pdpv8to9qwhXRTJe26upg==}
    cpu: [arm64]
    os: [linux]

  turbo-windows-64@2.6.0:
    resolution: {integrity: sha512-7pZo5aGQPR+A7RMtWCZHusarJ6y15LQ+o3jOmpMxTic/W6Bad+jSeqo07TWNIseIWjCVzrSv27+0odiYRYtQdA==}
    cpu: [x64]
    os: [win32]

  turbo-windows-arm64@2.6.0:
    resolution: {integrity: sha512-1Ty+NwIksQY7AtFUCPrTpcKQE7zmd/f7aRjdT+qkqGFQjIjFYctEtN7qo4vpQPBgCfS1U3ka83A2u/9CfJQ3wQ==}
    cpu: [arm64]
    os: [win32]

  turbo@2.6.0:
    resolution: {integrity: sha512-kC5VJqOXo50k0/0jnJDDjibLAXalqT9j7PQ56so0pN+81VR4Fwb2QgIE9dTzT3phqOTQuEXkPh3sCpnv5Isz2g==}
    hasBin: true

  typescript@5.8.3:
    resolution: {integrity: sha512-p1diW6TqL9L07nNxvRMM7hMMw4c5XOo/1ibL4aAIGmSAt9slTE1Xgw5KWuof2uTOvCg9BY7ZRi+GaF+7sfgPeQ==}
    engines: {node: '>=14.17'}
    hasBin: true

  update-browserslist-db@1.1.4:
    resolution: {integrity: sha512-q0SPT4xyU84saUX+tomz1WLkxUbuaJnR1xWt17M7fJtEJigJeWUNGUqrauFXsHnqev9y9JTRGwk13tFBuKby4A==}
    hasBin: true
    peerDependencies:
      browserslist: '>= 4.21.0'

snapshots:

  autoprefixer@10.4.21(postcss@8.5.6):
    dependencies:
      browserslist: 4.27.0
      caniuse-lite: 1.0.30001753
      fraction.js: 4.3.7
      normalize-range: 0.1.2
      picocolors: 1.1.1
      postcss: 8.5.6
      postcss-value-parser: 4.2.0

  baseline-browser-mapping@2.8.25: {}

  browserslist@4.27.0:
    dependencies:
      baseline-browser-mapping: 2.8.25
      caniuse-lite: 1.0.30001753
      electron-to-chromium: 1.5.245
      node-releases: 2.0.27
      update-browserslist-db: 1.1.4(browserslist@4.27.0)

  caniuse-lite@1.0.30001753: {}

  chalk@5.6.2: {}

  electron-to-chromium@1.5.245: {}

  escalade@3.2.0: {}

  fraction.js@4.3.7: {}

  nanoid@3.3.11: {}

  node-releases@2.0.27: {}

  normalize-range@0.1.2: {}

  picocolors@1.1.1: {}

  postcss-value-parser@4.2.0: {}

  postcss@8.5.6:
    dependencies:
      nanoid: 3.3.11
      picocolors: 1.1.1
      source-map-js: 1.2.1

  shadcn-ui@0.9.5:
    dependencies:
      chalk: 5.6.2

  source-map-js@1.2.1: {}

  tailwindcss@4.1.16: {}

  turbo-darwin-64@2.6.0:
    optional: true

  turbo-darwin-arm64@2.6.0:
    optional: true

  turbo-linux-64@2.6.0:
    optional: true

  turbo-linux-arm64@2.6.0:
    optional: true

  turbo-windows-64@2.6.0:
    optional: true

  turbo-windows-arm64@2.6.0:
    optional: true

  turbo@2.6.0:
    optionalDependencies:
      turbo-darwin-64: 2.6.0
      turbo-darwin-arm64: 2.6.0
      turbo-linux-64: 2.6.0
      turbo-linux-arm64: 2.6.0
      turbo-windows-64: 2.6.0
      turbo-windows-arm64: 2.6.0

  typescript@5.8.3: {}

  update-browserslist-db@1.1.4(browserslist@4.27.0):
    dependencies:
      browserslist: 4.27.0
      escalade: 3.2.0
      picocolors: 1.1.1
